
Microsoft Visual Studio Solution File, Format Version 12.00
# Visual Studio Version 16
VisualStudioVersion = 16.0.29306.81
MinimumVisualStudioVersion = 10.0.40219.1
Project("{FAE04EC0-301F-11D3-BF4B-00C04F79EFBC}") = "cncnet-server-core", "cncnet-server-core.csproj", "{3D131F58-E0A0-4EAD-AA54-8960A0A20C7C}"
EndProject
Global
	GlobalSection(SolutionConfigurationPlatforms) = preSolution
		Debug|Any CPU = Debug|Any CPU
		Release|Any CPU = Release|Any CPU
	EndGlobalSection
	GlobalSection(ProjectConfigurationPlatforms) = postSolution
		{3D131F58-E0A0-4EAD-AA54-8960A0A20C7C}.Debug|Any CPU.ActiveCfg = Debug|Any CPU
		{3D131F58-E0A0-4EAD-AA54-8960A0A20C7C}.Debug|Any CPU.Build.0 = Debug|Any CPU
		{3D131F58-E0A0-4EAD-AA54-8960A0A20C7C}.Release|Any CPU.ActiveCfg = Release|Any CPU
		{3D131F58-E0A0-4EAD-AA54-8960A0A20C7C}.Release|Any CPU.Build.0 = Release|Any CPU
	EndGlobalSection
	GlobalSection(SolutionProperties) = preSolution
		HideSolutionNode = FALSE
	EndGlobalSection
	GlobalSection(ExtensibilityGlobals) = postSolution
		SolutionGuid = {1EEA259D-E85F-4F10-91B0-BCE4EABBC2BC}
	EndGlobalSection
EndGlobal
